
Microsoft Visual Studio Solution File, Format Version 12.00
# Visual Studio Version 16
VisualStudioVersion = 16.0.29920.165
MinimumVisualStudioVersion = 10.0.40219.1
Project("{FAE04EC0-301F-11D3-BF4B-00C04F79EFBC}") = "CsvExcelExportImport", "CsvExcelExportImport\CsvExcelExportImport.csproj", "{E0F89B8B-12C4-4178-81FB-EE921FA36038}"
EndProject
Project("{FAE04EC0-301F-11D3-BF4B-00C04F79EFBC}") = "CsvExcelExportImport.UnitTests", "CsvExcelExportImport.UnitTests\CsvExcelExportImport.UnitTests.csproj", "{99BA0ADE-54C8-4ACC-A5F5-739C02CF5CF4}"
EndProject
Project("{FAE04EC0-301F-11D3-BF4B-00C04F79EFBC}") = "CsvExcelExportImport.TestConsole", "CsvExcelExportImport.TestConsole\CsvExcelExportImport.TestConsole.csproj", "{C9702A29-B53E-4302-91C7-B94F5582A7F6}"
EndProject
Global
	GlobalSection(SolutionConfigurationPlatforms) = preSolution
		Debug|Any CPU = Debug|Any CPU
		Release|Any CPU = Release|Any CPU
	EndGlobalSection
	GlobalSection(ProjectConfigurationPlatforms) = postSolution
		{E0F89B8B-12C4-4178-81FB-EE921FA36038}.Debug|Any CPU.ActiveCfg = Debug|Any CPU
		{E0F89B8B-12C4-4178-81FB-EE921FA36038}.Debug|Any CPU.Build.0 = Debug|Any CPU
		{E0F89B8B-12C4-4178-81FB-EE921FA36038}.Release|Any CPU.ActiveCfg = Release|Any CPU
		{E0F89B8B-12C4-4178-81FB-EE921FA36038}.Release|Any CPU.Build.0 = Release|Any CPU
		{99BA0ADE-54C8-4ACC-A5F5-739C02CF5CF4}.Debug|Any CPU.ActiveCfg = Debug|Any CPU
		{99BA0ADE-54C8-4ACC-A5F5-739C02CF5CF4}.Debug|Any CPU.Build.0 = Debug|Any CPU
		{99BA0ADE-54C8-4ACC-A5F5-739C02CF5CF4}.Release|Any CPU.ActiveCfg = Release|Any CPU
		{99BA0ADE-54C8-4ACC-A5F5-739C02CF5CF4}.Release|Any CPU.Build.0 = Release|Any CPU
		{C9702A29-B53E-4302-91C7-B94F5582A7F6}.Debug|Any CPU.ActiveCfg = Debug|Any CPU
		{C9702A29-B53E-4302-91C7-B94F5582A7F6}.Debug|Any CPU.Build.0 = Debug|Any CPU
		{C9702A29-B53E-4302-91C7-B94F5582A7F6}.Release|Any CPU.ActiveCfg = Release|Any CPU
		{C9702A29-B53E-4302-91C7-B94F5582A7F6}.Release|Any CPU.Build.0 = Release|Any CPU
	EndGlobalSection
	GlobalSection(SolutionProperties) = preSolution
		HideSolutionNode = FALSE
	EndGlobalSection
	GlobalSection(ExtensibilityGlobals) = postSolution
		SolutionGuid = {B727E85B-BF04-43C0-A299-FCEB0C2852EB}
	EndGlobalSection
EndGlobal
